// !$*UTF8*$!
{
	archiveVersion = 1;
	classes = {
	};
	objectVersion = 55;
	objects = {

/* Begin PBXBuildFile section */
		C01F137228B4062C006A72A9 /* Components.swift in Sources */ = {isa = PBXBuildFile; fileRef = C01F137128B4062C006A72A9 /* Components.swift */; };
		C01F137328B4062C006A72A9 /* Components.swift in Sources */ = {isa = PBXBuildFile; fileRef = C01F137128B4062C006A72A9 /* Components.swift */; };
		C01F137428B4062C006A72A9 /* Components.swift in Sources */ = {isa = PBXBuildFile; fileRef = C01F137128B4062C006A72A9 /* Components.swift */; };
		C01F137528B407F1006A72A9 /* Network.swift in Sources */ = {isa = PBXBuildFile; fileRef = C0DE2AC028B002360078EB1A /* Network.swift */; };
		C04F1E1128B40280004DDAE5 /* WidgetKit.framework in Frameworks */ = {isa = PBXBuildFile; fileRef = C04F1E1028B40280004DDAE5 /* WidgetKit.framework */; };
		C04F1E1328B40280004DDAE5 /* SwiftUI.framework in Frameworks */ = {isa = PBXBuildFile; fileRef = C04F1E1228B40280004DDAE5 /* SwiftUI.framework */; };
		C04F1E1628B40280004DDAE5 /* Widget.swift in Sources */ = {isa = PBXBuildFile; fileRef = C04F1E1528B40280004DDAE5 /* Widget.swift */; };
		C04F1E1928B40281004DDAE5 /* Assets.xcassets in Resources */ = {isa = PBXBuildFile; fileRef = C04F1E1828B40281004DDAE5 /* Assets.xcassets */; };
		C04F1E1B28B40281004DDAE5 /* Widget.intentdefinition in Sources */ = {isa = PBXBuildFile; fileRef = C04F1E1728B40280004DDAE5 /* Widget.intentdefinition */; };
		C04F1E1C28B40281004DDAE5 /* Widget.intentdefinition in Sources */ = {isa = PBXBuildFile; fileRef = C04F1E1728B40280004DDAE5 /* Widget.intentdefinition */; };
		C04F1E1F28B40281004DDAE5 /* WidgetExtension.appex in Embed App Extensions */ = {isa = PBXBuildFile; fileRef = C04F1E0E28B40280004DDAE5 /* WidgetExtension.appex */; settings = {ATTRIBUTES = (RemoveHeadersOnCopy, ); }; };
		C04F1E2628B4048D004DDAE5 /* ParkingModel.swift in Sources */ = {isa = PBXBuildFile; fileRef = C0DE2AC928B002B50078EB1A /* ParkingModel.swift */; };
		C04F1E2728B40490004DDAE5 /* UserDefaultsKeys.swift in Sources */ = {isa = PBXBuildFile; fileRef = C0DE2ACD28B2217B0078EB1A /* UserDefaultsKeys.swift */; };
		C0DE2A9F28B0011E0078EB1A /* Tests_iOSLaunchTests.swift in Sources */ = {isa = PBXBuildFile; fileRef = C0DE2A9E28B0011E0078EB1A /* Tests_iOSLaunchTests.swift */; };
		C0DE2AA928B0011E0078EB1A /* Tests_macOS.swift in Sources */ = {isa = PBXBuildFile; fileRef = C0DE2AA828B0011E0078EB1A /* Tests_macOS.swift */; };
		C0DE2AAB28B0011E0078EB1A /* Tests_macOSLaunchTests.swift in Sources */ = {isa = PBXBuildFile; fileRef = C0DE2AAA28B0011E0078EB1A /* Tests_macOSLaunchTests.swift */; };
		C0DE2AAC28B0011E0078EB1A /* Park_and_RideApp.swift in Sources */ = {isa = PBXBuildFile; fileRef = C0DE2A8428B0011D0078EB1A /* Park_and_RideApp.swift */; };
		C0DE2AAD28B0011E0078EB1A /* Park_and_RideApp.swift in Sources */ = {isa = PBXBuildFile; fileRef = C0DE2A8428B0011D0078EB1A /* Park_and_RideApp.swift */; };
		C0DE2AAE28B0011E0078EB1A /* ContentView.swift in Sources */ = {isa = PBXBuildFile; fileRef = C0DE2A8528B0011D0078EB1A /* ContentView.swift */; };
		C0DE2AAF28B0011E0078EB1A /* ContentView.swift in Sources */ = {isa = PBXBuildFile; fileRef = C0DE2A8528B0011D0078EB1A /* ContentView.swift */; };
		C0DE2AB028B0011E0078EB1A /* Assets.xcassets in Resources */ = {isa = PBXBuildFile; fileRef = C0DE2A8628B0011E0078EB1A /* Assets.xcassets */; };
		C0DE2AB128B0011E0078EB1A /* Assets.xcassets in Resources */ = {isa = PBXBuildFile; fileRef = C0DE2A8628B0011E0078EB1A /* Assets.xcassets */; };
		C0DE2AC128B002360078EB1A /* Network.swift in Sources */ = {isa = PBXBuildFile; fileRef = C0DE2AC028B002360078EB1A /* Network.swift */; };
		C0DE2AC228B002360078EB1A /* Network.swift in Sources */ = {isa = PBXBuildFile; fileRef = C0DE2AC028B002360078EB1A /* Network.swift */; };
		C0DE2ACA28B002B50078EB1A /* ParkingModel.swift in Sources */ = {isa = PBXBuildFile; fileRef = C0DE2AC928B002B50078EB1A /* ParkingModel.swift */; };
		C0DE2ACB28B002B50078EB1A /* ParkingModel.swift in Sources */ = {isa = PBXBuildFile; fileRef = C0DE2AC928B002B50078EB1A /* ParkingModel.swift */; };
		C0DE2ACC28B219350078EB1A /* Tests_iOS.swift in Sources */ = {isa = PBXBuildFile; fileRef = C0DE2A9C28B0011E0078EB1A /* Tests_iOS.swift */; };
		C0DE2ACE28B2217B0078EB1A /* UserDefaultsKeys.swift in Sources */ = {isa = PBXBuildFile; fileRef = C0DE2ACD28B2217B0078EB1A /* UserDefaultsKeys.swift */; };
		C0DE2ACF28B2217B0078EB1A /* UserDefaultsKeys.swift in Sources */ = {isa = PBXBuildFile; fileRef = C0DE2ACD28B2217B0078EB1A /* UserDefaultsKeys.swift */; };
/* End PBXBuildFile section */

/* Begin PBXContainerItemProxy section */
		C04F1E1D28B40281004DDAE5 /* PBXContainerItemProxy */ = {
			isa = PBXContainerItemProxy;
			containerPortal = C0DE2A7F28B0011D0078EB1A /* Project object */;
			proxyType = 1;
			remoteGlobalIDString = C04F1E0D28B40280004DDAE5;
			remoteInfo = WidgetExtension;
		};
		C0DE2A9928B0011E0078EB1A /* PBXContainerItemProxy */ = {
			isa = PBXContainerItemProxy;
			containerPortal = C0DE2A7F28B0011D0078EB1A /* Project object */;
			proxyType = 1;
			remoteGlobalIDString = C0DE2A8A28B0011E0078EB1A;
			remoteInfo = "Park and Ride (iOS)";
		};
		C0DE2AA528B0011E0078EB1A /* PBXContainerItemProxy */ = {
			isa = PBXContainerItemProxy;
			containerPortal = C0DE2A7F28B0011D0078EB1A /* Project object */;
			proxyType = 1;
			remoteGlobalIDString = C0DE2A9028B0011E0078EB1A;
			remoteInfo = "Park and Ride (macOS)";
		};
/* End PBXContainerItemProxy section */

/* Begin PBXCopyFilesBuildPhase section */
		C04F1E2028B40281004DDAE5 /* Embed App Extensions */ = {
			isa = PBXCopyFilesBuildPhase;
			buildActionMask = 2147483647;
			dstPath = "";
			dstSubfolderSpec = 13;
			files = (
				C04F1E1F28B40281004DDAE5 /* WidgetExtension.appex in Embed App Extensions */,
			);
			name = "Embed App Extensions";
			runOnlyForDeploymentPostprocessing = 0;
		};
/* End PBXCopyFilesBuildPhase section */

/* Begin PBXFileReference section */
		C01F137128B4062C006A72A9 /* Components.swift */ = {isa = PBXFileReference; lastKnownFileType = sourcecode.swift; path = Components.swift; sourceTree = "<group>"; };
		C04F1E0E28B40280004DDAE5 /* WidgetExtension.appex */ = {isa = PBXFileReference; explicitFileType = "wrapper.app-extension"; includeInIndex = 0; path = WidgetExtension.appex; sourceTree = BUILT_PRODUCTS_DIR; };
		C04F1E1028B40280004DDAE5 /* WidgetKit.framework */ = {isa = PBXFileReference; lastKnownFileType = wrapper.framework; name = WidgetKit.framework; path = System/Library/Frameworks/WidgetKit.framework; sourceTree = SDKROOT; };
		C04F1E1228B40280004DDAE5 /* SwiftUI.framework */ = {isa = PBXFileReference; lastKnownFileType = wrapper.framework; name = SwiftUI.framework; path = System/Library/Frameworks/SwiftUI.framework; sourceTree = SDKROOT; };
		C04F1E1528B40280004DDAE5 /* Widget.swift */ = {isa = PBXFileReference; lastKnownFileType = sourcecode.swift; path = Widget.swift; sourceTree = "<group>"; };
		C04F1E1728B40280004DDAE5 /* Widget.intentdefinition */ = {isa = PBXFileReference; lastKnownFileType = file.intentdefinition; path = Widget.intentdefinition; sourceTree = "<group>"; };
		C04F1E1828B40281004DDAE5 /* Assets.xcassets */ = {isa = PBXFileReference; lastKnownFileType = folder.assetcatalog; path = Assets.xcassets; sourceTree = "<group>"; };
		C04F1E1A28B40281004DDAE5 /* Info.plist */ = {isa = PBXFileReference; lastKnownFileType = text.plist.xml; path = Info.plist; sourceTree = "<group>"; };
		C08D3C0528C7CE2300349DFA /* Park-and-Ride--iOS--Info.plist */ = {isa = PBXFileReference; lastKnownFileType = text.plist; path = "Park-and-Ride--iOS--Info.plist"; sourceTree = "<group>"; };
		C0DE2A8428B0011D0078EB1A /* Park_and_RideApp.swift */ = {isa = PBXFileReference; lastKnownFileType = sourcecode.swift; path = Park_and_RideApp.swift; sourceTree = "<group>"; };
		C0DE2A8528B0011D0078EB1A /* ContentView.swift */ = {isa = PBXFileReference; lastKnownFileType = sourcecode.swift; path = ContentView.swift; sourceTree = "<group>"; };
		C0DE2A8628B0011E0078EB1A /* Assets.xcassets */ = {isa = PBXFileReference; lastKnownFileType = folder.assetcatalog; path = Assets.xcassets; sourceTree = "<group>"; };
		C0DE2A8B28B0011E0078EB1A /* Park and Ride.app */ = {isa = PBXFileReference; explicitFileType = wrapper.application; includeInIndex = 0; path = "Park and Ride.app"; sourceTree = BUILT_PRODUCTS_DIR; };
		C0DE2A9128B0011E0078EB1A /* Park and Ride.app */ = {isa = PBXFileReference; explicitFileType = wrapper.application; includeInIndex = 0; path = "Park and Ride.app"; sourceTree = BUILT_PRODUCTS_DIR; };
		C0DE2A9328B0011E0078EB1A /* macOS.entitlements */ = {isa = PBXFileReference; lastKnownFileType = text.plist.entitlements; path = macOS.entitlements; sourceTree = "<group>"; };
		C0DE2A9828B0011E0078EB1A /* Tests iOS.xctest */ = {isa = PBXFileReference; explicitFileType = wrapper.cfbundle; includeInIndex = 0; path = "Tests iOS.xctest"; sourceTree = BUILT_PRODUCTS_DIR; };
		C0DE2A9C28B0011E0078EB1A /* Tests_iOS.swift */ = {isa = PBXFileReference; lastKnownFileType = sourcecode.swift; path = Tests_iOS.swift; sourceTree = "<group>"; };
		C0DE2A9E28B0011E0078EB1A /* Tests_iOSLaunchTests.swift */ = {isa = PBXFileReference; lastKnownFileType = sourcecode.swift; path = Tests_iOSLaunchTests.swift; sourceTree = "<group>"; };
		C0DE2AA428B0011E0078EB1A /* Tests macOS.xctest */ = {isa = PBXFileReference; explicitFileType = wrapper.cfbundle; includeInIndex = 0; path = "Tests macOS.xctest"; sourceTree = BUILT_PRODUCTS_DIR; };
		C0DE2AA828B0011E0078EB1A /* Tests_macOS.swift */ = {isa = PBXFileReference; lastKnownFileType = sourcecode.swift; path = Tests_macOS.swift; sourceTree = "<group>"; };
		C0DE2AAA28B0011E0078EB1A /* Tests_macOSLaunchTests.swift */ = {isa = PBXFileReference; lastKnownFileType = sourcecode.swift; path = Tests_macOSLaunchTests.swift; sourceTree = "<group>"; };
		C0DE2AC028B002360078EB1A /* Network.swift */ = {isa = PBXFileReference; lastKnownFileType = sourcecode.swift; path = Network.swift; sourceTree = "<group>"; };
		C0DE2AC928B002B50078EB1A /* ParkingModel.swift */ = {isa = PBXFileReference; lastKnownFileType = sourcecode.swift; path = ParkingModel.swift; sourceTree = "<group>"; };
		C0DE2ACD28B2217B0078EB1A /* UserDefaultsKeys.swift */ = {isa = PBXFileReference; lastKnownFileType = sourcecode.swift; path = UserDefaultsKeys.swift; sourceTree = "<group>"; };
/* End PBXFileReference section */

/* Begin PBXFrameworksBuildPhase section */
		C04F1E0B28B40280004DDAE5 /* Frameworks */ = {
			isa = PBXFrameworksBuildPhase;
			buildActionMask = 2147483647;
			files = (
				C04F1E1328B40280004DDAE5 /* SwiftUI.framework in Frameworks */,
				C04F1E1128B40280004DDAE5 /* WidgetKit.framework in Frameworks */,
			);
			runOnlyForDeploymentPostprocessing = 0;
		};
		C0DE2A8828B0011E0078EB1A /* Frameworks */ = {
			isa = PBXFrameworksBuildPhase;
			buildActionMask = 2147483647;
			files = (
			);
			runOnlyForDeploymentPostprocessing = 0;
		};
		C0DE2A8E28B0011E0078EB1A /* Frameworks */ = {
			isa = PBXFrameworksBuildPhase;
			buildActionMask = 2147483647;
			files = (
			);
			runOnlyForDeploymentPostprocessing = 0;
		};
		C0DE2A9528B0011E0078EB1A /* Frameworks */ = {
			isa = PBXFrameworksBuildPhase;
			buildActionMask = 2147483647;
			files = (
			);
			runOnlyForDeploymentPostprocessing = 0;
		};
		C0DE2AA128B0011E0078EB1A /* Frameworks */ = {
			isa = PBXFrameworksBuildPhase;
			buildActionMask = 2147483647;
			files = (
			);
			runOnlyForDeploymentPostprocessing = 0;
		};
/* End PBXFrameworksBuildPhase section */

/* Begin PBXGroup section */
		C04F1E0F28B40280004DDAE5 /* Frameworks */ = {
			isa = PBXGroup;
			children = (
				C04F1E1028B40280004DDAE5 /* WidgetKit.framework */,
				C04F1E1228B40280004DDAE5 /* SwiftUI.framework */,
			);
			name = Frameworks;
			sourceTree = "<group>";
		};
		C04F1E1428B40280004DDAE5 /* Widget */ = {
			isa = PBXGroup;
			children = (
				C04F1E1528B40280004DDAE5 /* Widget.swift */,
				C04F1E1728B40280004DDAE5 /* Widget.intentdefinition */,
				C04F1E1828B40281004DDAE5 /* Assets.xcassets */,
				C04F1E1A28B40281004DDAE5 /* Info.plist */,
			);
			path = Widget;
			sourceTree = "<group>";
		};
		C0DE2A7E28B0011D0078EB1A = {
			isa = PBXGroup;
			children = (
				C08D3C0528C7CE2300349DFA /* Park-and-Ride--iOS--Info.plist */,
				C0DE2A8328B0011D0078EB1A /* Shared */,
				C0DE2A9228B0011E0078EB1A /* macOS */,
				C0DE2A9B28B0011E0078EB1A /* Tests iOS */,
				C04F1E1428B40280004DDAE5 /* Widget */,
				C04F1E0F28B40280004DDAE5 /* Frameworks */,
				C0DE2A8C28B0011E0078EB1A /* Products */,
			);
			sourceTree = "<group>";
		};
		C0DE2A8328B0011D0078EB1A /* Shared */ = {
			isa = PBXGroup;
			children = (
				C0DE2AC928B002B50078EB1A /* ParkingModel.swift */,
				C0DE2A8428B0011D0078EB1A /* Park_and_RideApp.swift */,
				C0DE2A8528B0011D0078EB1A /* ContentView.swift */,
				C0DE2A8628B0011E0078EB1A /* Assets.xcassets */,
				C0DE2AC028B002360078EB1A /* Network.swift */,
				C0DE2ACD28B2217B0078EB1A /* UserDefaultsKeys.swift */,
				C01F137128B4062C006A72A9 /* Components.swift */,
			);
			path = Shared;
			sourceTree = "<group>";
		};
		C0DE2A8C28B0011E0078EB1A /* Products */ = {
			isa = PBXGroup;
			children = (
				C0DE2A8B28B0011E0078EB1A /* Park and Ride.app */,
				C0DE2A9128B0011E0078EB1A /* Park and Ride.app */,
				C0DE2A9828B0011E0078EB1A /* Tests iOS.xctest */,
				C0DE2AA428B0011E0078EB1A /* Tests macOS.xctest */,
				C04F1E0E28B40280004DDAE5 /* WidgetExtension.appex */,
			);
			name = Products;
			sourceTree = "<group>";
		};
		C0DE2A9228B0011E0078EB1A /* macOS */ = {
			isa = PBXGroup;
			children = (
				C0DE2A9328B0011E0078EB1A /* macOS.entitlements */,
			);
			path = macOS;
			sourceTree = "<group>";
		};
		C0DE2A9B28B0011E0078EB1A /* Tests iOS */ = {
			isa = PBXGroup;
			children = (
				C0DE2AA728B0011E0078EB1A /* Tests macOS */,
				C0DE2A9E28B0011E0078EB1A /* Tests_iOSLaunchTests.swift */,
			);
			path = "Tests iOS";
			sourceTree = "<group>";
		};
		C0DE2AA728B0011E0078EB1A /* Tests macOS */ = {
			isa = PBXGroup;
			children = (
				C0DE2A9C28B0011E0078EB1A /* Tests_iOS.swift */,
				C0DE2AA828B0011E0078EB1A /* Tests_macOS.swift */,
				C0DE2AAA28B0011E0078EB1A /* Tests_macOSLaunchTests.swift */,
			);
			path = "Tests macOS";
			sourceTree = "<group>";
		};
/* End PBXGroup section */

/* Begin PBXNativeTarget section */
		C04F1E0D28B40280004DDAE5 /* WidgetExtension */ = {
			isa = PBXNativeTarget;
			buildConfigurationList = C04F1E2328B40281004DDAE5 /* Build configuration list for PBXNativeTarget "WidgetExtension" */;
			buildPhases = (
				C04F1E0A28B40280004DDAE5 /* Sources */,
				C04F1E0B28B40280004DDAE5 /* Frameworks */,
				C04F1E0C28B40280004DDAE5 /* Resources */,
			);
			buildRules = (
			);
			dependencies = (
			);
			name = WidgetExtension;
			productName = WidgetExtension;
			productReference = C04F1E0E28B40280004DDAE5 /* WidgetExtension.appex */;
			productType = "com.apple.product-type.app-extension";
		};
		C0DE2A8A28B0011E0078EB1A /* Park and Ride (iOS) */ = {
			isa = PBXNativeTarget;
			buildConfigurationList = C0DE2AB428B0011E0078EB1A /* Build configuration list for PBXNativeTarget "Park and Ride (iOS)" */;
			buildPhases = (
				C0DE2A8728B0011E0078EB1A /* Sources */,
				C0DE2A8828B0011E0078EB1A /* Frameworks */,
				C0DE2A8928B0011E0078EB1A /* Resources */,
				C04F1E2028B40281004DDAE5 /* Embed App Extensions */,
			);
			buildRules = (
			);
			dependencies = (
				C04F1E1E28B40281004DDAE5 /* PBXTargetDependency */,
			);
			name = "Park and Ride (iOS)";
			productName = "Park and Ride (iOS)";
			productReference = C0DE2A8B28B0011E0078EB1A /* Park and Ride.app */;
			productType = "com.apple.product-type.application";
		};
		C0DE2A9028B0011E0078EB1A /* Park and Ride (macOS) */ = {
			isa = PBXNativeTarget;
			buildConfigurationList = C0DE2AB728B0011E0078EB1A /* Build configuration list for PBXNativeTarget "Park and Ride (macOS)" */;
			buildPhases = (
				C0DE2A8D28B0011E0078EB1A /* Sources */,
				C0DE2A8E28B0011E0078EB1A /* Frameworks */,
				C0DE2A8F28B0011E0078EB1A /* Resources */,
			);
			buildRules = (
			);
			dependencies = (
			);
			name = "Park and Ride (macOS)";
			productName = "Park and Ride (macOS)";
			productReference = C0DE2A9128B0011E0078EB1A /* Park and Ride.app */;
			productType = "com.apple.product-type.application";
		};
		C0DE2A9728B0011E0078EB1A /* Tests iOS */ = {
			isa = PBXNativeTarget;
			buildConfigurationList = C0DE2ABA28B0011E0078EB1A /* Build configuration list for PBXNativeTarget "Tests iOS" */;
			buildPhases = (
				C0DE2A9428B0011E0078EB1A /* Sources */,
				C0DE2A9528B0011E0078EB1A /* Frameworks */,
				C0DE2A9628B0011E0078EB1A /* Resources */,
			);
			buildRules = (
			);
			dependencies = (
				C0DE2A9A28B0011E0078EB1A /* PBXTargetDependency */,
			);
			name = "Tests iOS";
			productName = "Tests iOS";
			productReference = C0DE2A9828B0011E0078EB1A /* Tests iOS.xctest */;
			productType = "com.apple.product-type.bundle.ui-testing";
		};
		C0DE2AA328B0011E0078EB1A /* Tests macOS */ = {
			isa = PBXNativeTarget;
			buildConfigurationList = C0DE2ABD28B0011E0078EB1A /* Build configuration list for PBXNativeTarget "Tests macOS" */;
			buildPhases = (
				C0DE2AA028B0011E0078EB1A /* Sources */,
				C0DE2AA128B0011E0078EB1A /* Frameworks */,
				C0DE2AA228B0011E0078EB1A /* Resources */,
			);
			buildRules = (
			);
			dependencies = (
				C0DE2AA628B0011E0078EB1A /* PBXTargetDependency */,
			);
			name = "Tests macOS";
			productName = "Tests macOS";
			productReference = C0DE2AA428B0011E0078EB1A /* Tests macOS.xctest */;
			productType = "com.apple.product-type.bundle.ui-testing";
		};
/* End PBXNativeTarget section */

/* Begin PBXProject section */
		C0DE2A7F28B0011D0078EB1A /* Project object */ = {
			isa = PBXProject;
			attributes = {
				BuildIndependentTargetsInParallel = 1;
				LastSwiftUpdateCheck = 1340;
				LastUpgradeCheck = 1340;
				TargetAttributes = {
					C04F1E0D28B40280004DDAE5 = {
						CreatedOnToolsVersion = 13.4.1;
					};
					C0DE2A8A28B0011E0078EB1A = {
						CreatedOnToolsVersion = 13.4.1;
					};
					C0DE2A9028B0011E0078EB1A = {
						CreatedOnToolsVersion = 13.4.1;
					};
					C0DE2A9728B0011E0078EB1A = {
						CreatedOnToolsVersion = 13.4.1;
						TestTargetID = C0DE2A8A28B0011E0078EB1A;
					};
					C0DE2AA328B0011E0078EB1A = {
						CreatedOnToolsVersion = 13.4.1;
						TestTargetID = C0DE2A9028B0011E0078EB1A;
					};
				};
			};
			buildConfigurationList = C0DE2A8228B0011D0078EB1A /* Build configuration list for PBXProject "Park and Ride" */;
			compatibilityVersion = "Xcode 13.0";
			developmentRegion = en;
			hasScannedForEncodings = 0;
			knownRegions = (
				en,
				Base,
			);
			mainGroup = C0DE2A7E28B0011D0078EB1A;
			productRefGroup = C0DE2A8C28B0011E0078EB1A /* Products */;
			projectDirPath = "";
			projectRoot = "";
			targets = (
				C0DE2A8A28B0011E0078EB1A /* Park and Ride (iOS) */,
				C0DE2A9028B0011E0078EB1A /* Park and Ride (macOS) */,
				C0DE2A9728B0011E0078EB1A /* Tests iOS */,
				C0DE2AA328B0011E0078EB1A /* Tests macOS */,
				C04F1E0D28B40280004DDAE5 /* WidgetExtension */,
			);
		};
/* End PBXProject section */

/* Begin PBXResourcesBuildPhase section */
		C04F1E0C28B40280004DDAE5 /* Resources */ = {
			isa = PBXResourcesBuildPhase;
			buildActionMask = 2147483647;
			files = (
				C04F1E1928B40281004DDAE5 /* Assets.xcassets in Resources */,
			);
			runOnlyForDeploymentPostprocessing = 0;
		};
		C0DE2A8928B0011E0078EB1A /* Resources */ = {
			isa = PBXResourcesBuildPhase;
			buildActionMask = 2147483647;
			files = (
				C0DE2AB028B0011E0078EB1A /* Assets.xcassets in Resources */,
			);
			runOnlyForDeploymentPostprocessing = 0;
		};
		C0DE2A8F28B0011E0078EB1A /* Resources */ = {
			isa = PBXResourcesBuildPhase;
			buildActionMask = 2147483647;
			files = (
				C0DE2AB128B0011E0078EB1A /* Assets.xcassets in Resources */,
			);
			runOnlyForDeploymentPostprocessing = 0;
		};
		C0DE2A9628B0011E0078EB1A /* Resources */ = {
			isa = PBXResourcesBuildPhase;
			buildActionMask = 2147483647;
			files = (
			);
			runOnlyForDeploymentPostprocessing = 0;
		};
		C0DE2AA228B0011E0078EB1A /* Resources */ = {
			isa = PBXResourcesBuildPhase;
			buildActionMask = 2147483647;
			files = (
			);
			runOnlyForDeploymentPostprocessing = 0;
		};
/* End PBXResourcesBuildPhase section */

/* Begin PBXSourcesBuildPhase section */
		C04F1E0A28B40280004DDAE5 /* Sources */ = {
			isa = PBXSourcesBuildPhase;
			buildActionMask = 2147483647;
			files = (
				C04F1E1B28B40281004DDAE5 /* Widget.intentdefinition in Sources */,
				C04F1E1628B40280004DDAE5 /* Widget.swift in Sources */,
				C01F137528B407F1006A72A9 /* Network.swift in Sources */,
				C01F137428B4062C006A72A9 /* Components.swift in Sources */,
				C04F1E2628B4048D004DDAE5 /* ParkingModel.swift in Sources */,
				C04F1E2728B40490004DDAE5 /* UserDefaultsKeys.swift in Sources */,
			);
			runOnlyForDeploymentPostprocessing = 0;
		};
		C0DE2A8728B0011E0078EB1A /* Sources */ = {
			isa = PBXSourcesBuildPhase;
			buildActionMask = 2147483647;
			files = (
				C0DE2AAE28B0011E0078EB1A /* ContentView.swift in Sources */,
				C0DE2AAC28B0011E0078EB1A /* Park_and_RideApp.swift in Sources */,
				C04F1E1C28B40281004DDAE5 /* Widget.intentdefinition in Sources */,
				C01F137228B4062C006A72A9 /* Components.swift in Sources */,
				C0DE2ACE28B2217B0078EB1A /* UserDefaultsKeys.swift in Sources */,
				C0DE2ACA28B002B50078EB1A /* ParkingModel.swift in Sources */,
				C0DE2AC128B002360078EB1A /* Network.swift in Sources */,
			);
			runOnlyForDeploymentPostprocessing = 0;
		};
		C0DE2A8D28B0011E0078EB1A /* Sources */ = {
			isa = PBXSourcesBuildPhase;
			buildActionMask = 2147483647;
			files = (
				C0DE2AAF28B0011E0078EB1A /* ContentView.swift in Sources */,
				C01F137328B4062C006A72A9 /* Components.swift in Sources */,
				C0DE2AAD28B0011E0078EB1A /* Park_and_RideApp.swift in Sources */,
				C0DE2ACF28B2217B0078EB1A /* UserDefaultsKeys.swift in Sources */,
				C0DE2ACB28B002B50078EB1A /* ParkingModel.swift in Sources */,
				C0DE2AC228B002360078EB1A /* Network.swift in Sources */,
			);
			runOnlyForDeploymentPostprocessing = 0;
		};
		C0DE2A9428B0011E0078EB1A /* Sources */ = {
			isa = PBXSourcesBuildPhase;
			buildActionMask = 2147483647;
			files = (
				C0DE2A9F28B0011E0078EB1A /* Tests_iOSLaunchTests.swift in Sources */,
			);
			runOnlyForDeploymentPostprocessing = 0;
		};
		C0DE2AA028B0011E0078EB1A /* Sources */ = {
			isa = PBXSourcesBuildPhase;
			buildActionMask = 2147483647;
			files = (
				C0DE2AAB28B0011E0078EB1A /* Tests_macOSLaunchTests.swift in Sources */,
				C0DE2ACC28B219350078EB1A /* Tests_iOS.swift in Sources */,
				C0DE2AA928B0011E0078EB1A /* Tests_macOS.swift in Sources */,
			);
			runOnlyForDeploymentPostprocessing = 0;
		};
/* End PBXSourcesBuildPhase section */

/* Begin PBXTargetDependency section */
		C04F1E1E28B40281004DDAE5 /* PBXTargetDependency */ = {
			isa = PBXTargetDependency;
			target = C04F1E0D28B40280004DDAE5 /* WidgetExtension */;
			targetProxy = C04F1E1D28B40281004DDAE5 /* PBXContainerItemProxy */;
		};
		C0DE2A9A28B0011E0078EB1A /* PBXTargetDependency */ = {
			isa = PBXTargetDependency;
			target = C0DE2A8A28B0011E0078EB1A /* Park and Ride (iOS) */;
			targetProxy = C0DE2A9928B0011E0078EB1A /* PBXContainerItemProxy */;
		};
		C0DE2AA628B0011E0078EB1A /* PBXTargetDependency */ = {
			isa = PBXTargetDependency;
			target = C0DE2A9028B0011E0078EB1A /* Park and Ride (macOS) */;
			targetProxy = C0DE2AA528B0011E0078EB1A /* PBXContainerItemProxy */;
		};
/* End PBXTargetDependency section */

/* Begin XCBuildConfiguration section */
		C04F1E2128B40281004DDAE5 /* Debug */ = {
			isa = XCBuildConfiguration;
			buildSettings = {
				ASSETCATALOG_COMPILER_GLOBAL_ACCENT_COLOR_NAME = AccentColor;
				ASSETCATALOG_COMPILER_WIDGET_BACKGROUND_COLOR_NAME = WidgetBackground;
				CODE_SIGN_STYLE = Automatic;
				CURRENT_PROJECT_VERSION = 2;
				DEVELOPMENT_TEAM = M35XE7CE36;
				GENERATE_INFOPLIST_FILE = YES;
				INFOPLIST_FILE = Widget/Info.plist;
				INFOPLIST_KEY_CFBundleDisplayName = Widget;
				INFOPLIST_KEY_NSHumanReadableCopyright = "";
				IPHONEOS_DEPLOYMENT_TARGET = 15.5;
				LD_RUNPATH_SEARCH_PATHS = (
					"$(inherited)",
					"@executable_path/Frameworks",
					"@executable_path/../../Frameworks",
				);
				MARKETING_VERSION = 1.1;
				PRODUCT_BUNDLE_IDENTIFIER = "weslleyaraujo.Park-and-Ride.Widget";
				PRODUCT_NAME = "$(TARGET_NAME)";
				SDKROOT = iphoneos;
				SKIP_INSTALL = YES;
				SWIFT_EMIT_LOC_STRINGS = YES;
				SWIFT_VERSION = 5.0;
				TARGETED_DEVICE_FAMILY = "1,2";
			};
			name = Debug;
		};
		C04F1E2228B40281004DDAE5 /* Release */ = {
			isa = XCBuildConfiguration;
			buildSettings = {
				ASSETCATALOG_COMPILER_GLOBAL_ACCENT_COLOR_NAME = AccentColor;
				ASSETCATALOG_COMPILER_WIDGET_BACKGROUND_COLOR_NAME = WidgetBackground;
				CODE_SIGN_STYLE = Automatic;
				CURRENT_PROJECT_VERSION = 2;
				DEVELOPMENT_TEAM = M35XE7CE36;
				GENERATE_INFOPLIST_FILE = YES;
				INFOPLIST_FILE = Widget/Info.plist;
				INFOPLIST_KEY_CFBundleDisplayName = Widget;
				INFOPLIST_KEY_NSHumanReadableCopyright = "";
				IPHONEOS_DEPLOYMENT_TARGET = 15.5;
				LD_RUNPATH_SEARCH_PATHS = (
					"$(inherited)",
					"@executable_path/Frameworks",
					"@executable_path/../../Frameworks",
				);
				MARKETING_VERSION = 1.1;
				PRODUCT_BUNDLE_IDENTIFIER = "weslleyaraujo.Park-and-Ride.Widget";
				PRODUCT_NAME = "$(TARGET_NAME)";
				SDKROOT = iphoneos;
				SKIP_INSTALL = YES;
				SWIFT_EMIT_LOC_STRINGS = YES;
				SWIFT_VERSION = 5.0;
				TARGETED_DEVICE_FAMILY = "1,2";
				VALIDATE_PRODUCT = YES;
			};
			name = Release;
		};
		C0DE2AB228B0011E0078EB1A /* Debug */ = {
			isa = XCBuildConfiguration;
			buildSettings = {
				ALWAYS_SEARCH_USER_PATHS = NO;
				CLANG_ANALYZER_NONNULL = YES;
				CLANG_ANALYZER_NUMBER_OBJECT_CONVERSION = YES_AGGRESSIVE;
				CLANG_CXX_LANGUAGE_STANDARD = "gnu++17";
				CLANG_ENABLE_MODULES = YES;
				CLANG_ENABLE_OBJC_ARC = YES;
				CLANG_ENABLE_OBJC_WEAK = YES;
				CLANG_WARN_BLOCK_CAPTURE_AUTORELEASING = YES;
				CLANG_WARN_BOOL_CONVERSION = YES;
				CLANG_WARN_COMMA = YES;
				CLANG_WARN_CONSTANT_CONVERSION = YES;
				CLANG_WARN_DEPRECATED_OBJC_IMPLEMENTATIONS = YES;
				CLANG_WARN_DIRECT_OBJC_ISA_USAGE = YES_ERROR;
				CLANG_WARN_DOCUMENTATION_COMMENTS = YES;
				CLANG_WARN_EMPTY_BODY = YES;
				CLANG_WARN_ENUM_CONVERSION = YES;
				CLANG_WARN_INFINITE_RECURSION = YES;
				CLANG_WARN_INT_CONVERSION = YES;
				CLANG_WARN_NON_LITERAL_NULL_CONVERSION = YES;
				CLANG_WARN_OBJC_IMPLICIT_RETAIN_SELF = YES;
				CLANG_WARN_OBJC_LITERAL_CONVERSION = YES;
				CLANG_WARN_OBJC_ROOT_CLASS = YES_ERROR;
				CLANG_WARN_QUOTED_INCLUDE_IN_FRAMEWORK_HEADER = YES;
				CLANG_WARN_RANGE_LOOP_ANALYSIS = YES;
				CLANG_WARN_STRICT_PROTOTYPES = YES;
				CLANG_WARN_SUSPICIOUS_MOVE = YES;
				CLANG_WARN_UNGUARDED_AVAILABILITY = YES_AGGRESSIVE;
				CLANG_WARN_UNREACHABLE_CODE = YES;
				CLANG_WARN__DUPLICATE_METHOD_MATCH = YES;
				COPY_PHASE_STRIP = NO;
				DEBUG_INFORMATION_FORMAT = dwarf;
				ENABLE_STRICT_OBJC_MSGSEND = YES;
				ENABLE_TESTABILITY = YES;
				GCC_C_LANGUAGE_STANDARD = gnu11;
				GCC_DYNAMIC_NO_PIC = NO;
				GCC_NO_COMMON_BLOCKS = YES;
				GCC_OPTIMIZATION_LEVEL = 0;
				GCC_PREPROCESSOR_DEFINITIONS = (
					"DEBUG=1",
					"$(inherited)",
				);
				GCC_WARN_64_TO_32_BIT_CONVERSION = YES;
				GCC_WARN_ABOUT_RETURN_TYPE = YES_ERROR;
				GCC_WARN_UNDECLARED_SELECTOR = YES;
				GCC_WARN_UNINITIALIZED_AUTOS = YES_AGGRESSIVE;
				GCC_WARN_UNUSED_FUNCTION = YES;
				GCC_WARN_UNUSED_VARIABLE = YES;
				MTL_ENABLE_DEBUG_INFO = INCLUDE_SOURCE;
				MTL_FAST_MATH = YES;
				ONLY_ACTIVE_ARCH = YES;
				SWIFT_ACTIVE_COMPILATION_CONDITIONS = DEBUG;
				SWIFT_OPTIMIZATION_LEVEL = "-Onone";
			};
			name = Debug;
		};
		C0DE2AB328B0011E0078EB1A /* Release */ = {
			isa = XCBuildConfiguration;
			buildSettings = {
				ALWAYS_SEARCH_USER_PATHS = NO;
				CLANG_ANALYZER_NONNULL = YES;
				CLANG_ANALYZER_NUMBER_OBJECT_CONVERSION = YES_AGGRESSIVE;
				CLANG_CXX_LANGUAGE_STANDARD = "gnu++17";
				CLANG_ENABLE_MODULES = YES;
				CLANG_ENABLE_OBJC_ARC = YES;
				CLANG_ENABLE_OBJC_WEAK = YES;
				CLANG_WARN_BLOCK_CAPTURE_AUTORELEASING = YES;
				CLANG_WARN_BOOL_CONVERSION = YES;
				CLANG_WARN_COMMA = YES;
				CLANG_WARN_CONSTANT_CONVERSION = YES;
				CLANG_WARN_DEPRECATED_OBJC_IMPLEMENTATIONS = YES;
				CLANG_WARN_DIRECT_OBJC_ISA_USAGE = YES_ERROR;
				CLANG_WARN_DOCUMENTATION_COMMENTS = YES;
				CLANG_WARN_EMPTY_BODY = YES;
				CLANG_WARN_ENUM_CONVERSION = YES;
				CLANG_WARN_INFINITE_RECURSION = YES;
				CLANG_WARN_INT_CONVERSION = YES;
				CLANG_WARN_NON_LITERAL_NULL_CONVERSION = YES;
				CLANG_WARN_OBJC_IMPLICIT_RETAIN_SELF = YES;
				CLANG_WARN_OBJC_LITERAL_CONVERSION = YES;
				CLANG_WARN_OBJC_ROOT_CLASS = YES_ERROR;
				CLANG_WARN_QUOTED_INCLUDE_IN_FRAMEWORK_HEADER = YES;
				CLANG_WARN_RANGE_LOOP_ANALYSIS = YES;
				CLANG_WARN_STRICT_PROTOTYPES = YES;
				CLANG_WARN_SUSPICIOUS_MOVE = YES;
				CLANG_WARN_UNGUARDED_AVAILABILITY = YES_AGGRESSIVE;
				CLANG_WARN_UNREACHABLE_CODE = YES;
				CLANG_WARN__DUPLICATE_METHOD_MATCH = YES;
				COPY_PHASE_STRIP = NO;
				DEBUG_INFORMATION_FORMAT = "dwarf-with-dsym";
				ENABLE_NS_ASSERTIONS = NO;
				ENABLE_STRICT_OBJC_MSGSEND = YES;
				GCC_C_LANGUAGE_STANDARD = gnu11;
				GCC_NO_COMMON_BLOCKS = YES;
				GCC_WARN_64_TO_32_BIT_CONVERSION = YES;
				GCC_WARN_ABOUT_RETURN_TYPE = YES_ERROR;
				GCC_WARN_UNDECLARED_SELECTOR = YES;
				GCC_WARN_UNINITIALIZED_AUTOS = YES_AGGRESSIVE;
				GCC_WARN_UNUSED_FUNCTION = YES;
				GCC_WARN_UNUSED_VARIABLE = YES;
				MTL_ENABLE_DEBUG_INFO = NO;
				MTL_FAST_MATH = YES;
				SWIFT_COMPILATION_MODE = wholemodule;
				SWIFT_OPTIMIZATION_LEVEL = "-O";
			};
			name = Release;
		};
		C0DE2AB528B0011E0078EB1A /* Debug */ = {
			isa = XCBuildConfiguration;
			buildSettings = {
				ALWAYS_EMBED_SWIFT_STANDARD_LIBRARIES = YES;
				ASSETCATALOG_COMPILER_APPICON_NAME = AppIcon;
				ASSETCATALOG_COMPILER_GLOBAL_ACCENT_COLOR_NAME = AccentColor;
				CODE_SIGN_STYLE = Automatic;
				CURRENT_PROJECT_VERSION = 2;
				DEVELOPMENT_TEAM = M35XE7CE36;
				ENABLE_PREVIEWS = YES;
				GENERATE_INFOPLIST_FILE = YES;
				INFOPLIST_FILE = "Park-and-Ride--iOS--Info.plist";
				INFOPLIST_KEY_UIApplicationSceneManifest_Generation = YES;
				INFOPLIST_KEY_UIApplicationSupportsIndirectInputEvents = YES;
				INFOPLIST_KEY_UILaunchScreen_Generation = YES;
				INFOPLIST_KEY_UISupportedInterfaceOrientations_iPad = "UIInterfaceOrientationPortrait UIInterfaceOrientationPortraitUpsideDown UIInterfaceOrientationLandscapeLeft UIInterfaceOrientationLandscapeRight";
				INFOPLIST_KEY_UISupportedInterfaceOrientations_iPhone = "UIInterfaceOrientationPortrait UIInterfaceOrientationLandscapeLeft UIInterfaceOrientationLandscapeRight";
				IPHONEOS_DEPLOYMENT_TARGET = 15.5;
				LD_RUNPATH_SEARCH_PATHS = (
					"$(inherited)",
					"@executable_path/Frameworks",
				);
				MARKETING_VERSION = 1.1;
				PRODUCT_BUNDLE_IDENTIFIER = "weslleyaraujo.Park-and-Ride";
				PRODUCT_NAME = "Park and Ride";
				SDKROOT = iphoneos;
				SWIFT_EMIT_LOC_STRINGS = YES;
				SWIFT_VERSION = 5.0;
				TARGETED_DEVICE_FAMILY = "1,2";
			};
			name = Debug;
		};
		C0DE2AB628B0011E0078EB1A /* Release */ = {
			isa = XCBuildConfiguration;
			buildSettings = {
				ALWAYS_EMBED_SWIFT_STANDARD_LIBRARIES = YES;
				ASSETCATALOG_COMPILER_APPICON_NAME = AppIcon;
				ASSETCATALOG_COMPILER_GLOBAL_ACCENT_COLOR_NAME = AccentColor;
				CODE_SIGN_STYLE = Automatic;
				CURRENT_PROJECT_VERSION = 2;
				DEVELOPMENT_TEAM = M35XE7CE36;
				ENABLE_PREVIEWS = YES;
				GENERATE_INFOPLIST_FILE = YES;
				INFOPLIST_FILE = "Park-and-Ride--iOS--Info.plist";
				INFOPLIST_KEY_UIApplicationSceneManifest_Generation = YES;
				INFOPLIST_KEY_UIApplicationSupportsIndirectInputEvents = YES;
				INFOPLIST_KEY_UILaunchScreen_Generation = YES;
				INFOPLIST_KEY_UISupportedInterfaceOrientations_iPad = "UIInterfaceOrientationPortrait UIInterfaceOrientationPortraitUpsideDown UIInterfaceOrientationLandscapeLeft UIInterfaceOrientationLandscapeRight";
				INFOPLIST_KEY_UISupportedInterfaceOrientations_iPhone = "UIInterfaceOrientationPortrait UIInterfaceOrientationLandscapeLeft UIInterfaceOrientationLandscapeRight";
				IPHONEOS_DEPLOYMENT_TARGET = 15.5;
				LD_RUNPATH_SEARCH_PATHS = (
					"$(inherited)",
					"@executable_path/Frameworks",
				);
				MARKETING_VERSION = 1.1;
				PRODUCT_BUNDLE_IDENTIFIER = "weslleyaraujo.Park-and-Ride";
				PRODUCT_NAME = "Park and Ride";
				SDKROOT = iphoneos;
				SWIFT_EMIT_LOC_STRINGS = YES;
				SWIFT_VERSION = 5.0;
				TARGETED_DEVICE_FAMILY = "1,2";
				VALIDATE_PRODUCT = YES;
			};
			name = Release;
		};
		C0DE2AB828B0011E0078EB1A /* Debug */ = {
			isa = XCBuildConfiguration;
			buildSettings = {
				ASSETCATALOG_COMPILER_APPICON_NAME = AppIcon;
				ASSETCATALOG_COMPILER_GLOBAL_ACCENT_COLOR_NAME = AccentColor;
				CODE_SIGN_ENTITLEMENTS = macOS/macOS.entitlements;
				CODE_SIGN_STYLE = Automatic;
				COMBINE_HIDPI_IMAGES = YES;
				CURRENT_PROJECT_VERSION = 2;
				ENABLE_PREVIEWS = YES;
				GENERATE_INFOPLIST_FILE = YES;
				INFOPLIST_KEY_NSHumanReadableCopyright = "";
				LD_RUNPATH_SEARCH_PATHS = (
					"$(inherited)",
					"@executable_path/../Frameworks",
				);
				MACOSX_DEPLOYMENT_TARGET = 13.0;
				MARKETING_VERSION = 1.1;
				PRODUCT_BUNDLE_IDENTIFIER = "weslleyaraujo.Park-and-Ride";
				PRODUCT_NAME = "Park and Ride";
				SDKROOT = macosx;
				SWIFT_EMIT_LOC_STRINGS = YES;
				SWIFT_VERSION = 5.0;
			};
			name = Debug;
		};
		C0DE2AB928B0011E0078EB1A /* Release */ = {
			isa = XCBuildConfiguration;
			buildSettings = {
				ASSETCATALOG_COMPILER_APPICON_NAME = AppIcon;
				ASSETCATALOG_COMPILER_GLOBAL_ACCENT_COLOR_NAME = AccentColor;
				CODE_SIGN_ENTITLEMENTS = macOS/macOS.entitlements;
				CODE_SIGN_STYLE = Automatic;
				COMBINE_HIDPI_IMAGES = YES;
				CURRENT_PROJECT_VERSION = 2;
				ENABLE_PREVIEWS = YES;
				GENERATE_INFOPLIST_FILE = YES;
				INFOPLIST_KEY_NSHumanReadableCopyright = "";
				LD_RUNPATH_SEARCH_PATHS = (
					"$(inherited)",
					"@executable_path/../Frameworks",
				);
				MACOSX_DEPLOYMENT_TARGET = 13.0;
				MARKETING_VERSION = 1.1;
				PRODUCT_BUNDLE_IDENTIFIER = "weslleyaraujo.Park-and-Ride";
				PRODUCT_NAME = "Park and Ride";
				SDKROOT = macosx;
				SWIFT_EMIT_LOC_STRINGS = YES;
				SWIFT_VERSION = 5.0;
			};
			name = Release;
		};
		C0DE2ABB28B0011E0078EB1A /* Debug */ = {
			isa = XCBuildConfiguration;
			buildSettings = {
				ALWAYS_EMBED_SWIFT_STANDARD_LIBRARIES = YES;
				CODE_SIGN_STYLE = Automatic;
				CURRENT_PROJECT_VERSION = 1;
				GENERATE_INFOPLIST_FILE = YES;
				IPHONEOS_DEPLOYMENT_TARGET = 15.5;
				MARKETING_VERSION = 1.0;
				PRODUCT_BUNDLE_IDENTIFIER = "weslleyaraujo.Tests-iOS";
				PRODUCT_NAME = "$(TARGET_NAME)";
				SDKROOT = iphoneos;
				SWIFT_EMIT_LOC_STRINGS = NO;
				SWIFT_VERSION = 5.0;
				TARGETED_DEVICE_FAMILY = "1,2";
				TEST_TARGET_NAME = "Park and Ride (iOS)";
			};
			name = Debug;
		};
		C0DE2ABC28B0011E0078EB1A /* Release */ = {
			isa = XCBuildConfiguration;
			buildSettings = {
				ALWAYS_EMBED_SWIFT_STANDARD_LIBRARIES = YES;
				CODE_SIGN_STYLE = Automatic;
				CURRENT_PROJECT_VERSION = 1;
				GENERATE_INFOPLIST_FILE = YES;
				IPHONEOS_DEPLOYMENT_TARGET = 15.5;
				MARKETING_VERSION = 1.0;
				PRODUCT_BUNDLE_IDENTIFIER = "weslleyaraujo.Tests-iOS";
				PRODUCT_NAME = "$(TARGET_NAME)";
				SDKROOT = iphoneos;
				SWIFT_EMIT_LOC_STRINGS = NO;
				SWIFT_VERSION = 5.0;
				TARGETED_DEVICE_FAMILY = "1,2";
				TEST_TARGET_NAME = "Park and Ride (iOS)";
				VALIDATE_PRODUCT = YES;
			};
			name = Release;
		};
		C0DE2ABE28B0011E0078EB1A /* Debug */ = {
			isa = XCBuildConfiguration;
			buildSettings = {
				ALWAYS_EMBED_SWIFT_STANDARD_LIBRARIES = YES;
				CODE_SIGN_STYLE = Automatic;
				CURRENT_PROJECT_VERSION = 1;
				GENERATE_INFOPLIST_FILE = YES;
				MACOSX_DEPLOYMENT_TARGET = 12.3;
				MARKETING_VERSION = 1.0;
				PRODUCT_BUNDLE_IDENTIFIER = "weslleyaraujo.Tests-macOS";
				PRODUCT_NAME = "$(TARGET_NAME)";
				SDKROOT = macosx;
				SWIFT_EMIT_LOC_STRINGS = NO;
				SWIFT_VERSION = 5.0;
				TEST_TARGET_NAME = "Park and Ride (macOS)";
			};
			name = Debug;
		};
		C0DE2ABF28B0011E0078EB1A /* Release */ = {
			isa = XCBuildConfiguration;
			buildSettings = {
				ALWAYS_EMBED_SWIFT_STANDARD_LIBRARIES = YES;
				CODE_SIGN_STYLE = Automatic;
				CURRENT_PROJECT_VERSION = 1;
				GENERATE_INFOPLIST_FILE = YES;
				MACOSX_DEPLOYMENT_TARGET = 12.3;
				MARKETING_VERSION = 1.0;
				PRODUCT_BUNDLE_IDENTIFIER = "weslleyaraujo.Tests-macOS";
				PRODUCT_NAME = "$(TARGET_NAME)";
				SDKROOT = macosx;
				SWIFT_EMIT_LOC_STRINGS = NO;
				SWIFT_VERSION = 5.0;
				TEST_TARGET_NAME = "Park and Ride (macOS)";
			};
			name = Release;
		};
/* End XCBuildConfiguration section */

/* Begin XCConfigurationList section */
		C04F1E2328B40281004DDAE5 /* Build configuration list for PBXNativeTarget "WidgetExtension" */ = {
			isa = XCConfigurationList;
			buildConfigurations = (
				C04F1E2128B40281004DDAE5 /* Debug */,
				C04F1E2228B40281004DDAE5 /* Release */,
			);
			defaultConfigurationIsVisible = 0;
			defaultConfigurationName = Release;
		};
		C0DE2A8228B0011D0078EB1A /* Build configuration list for PBXProject "Park and Ride" */ = {
			isa = XCConfigurationList;
			buildConfigurations = (
				C0DE2AB228B0011E0078EB1A /* Debug */,
				C0DE2AB328B0011E0078EB1A /* Release */,
			);
			defaultConfigurationIsVisible = 0;
			defaultConfigurationName = Release;
		};
		C0DE2AB428B0011E0078EB1A /* Build configuration list for PBXNativeTarget "Park and Ride (iOS)" */ = {
			isa = XCConfigurationList;
			buildConfigurations = (
				C0DE2AB528B0011E0078EB1A /* Debug */,
				C0DE2AB628B0011E0078EB1A /* Release */,
			);
			defaultConfigurationIsVisible = 0;
			defaultConfigurationName = Release;
		};
		C0DE2AB728B0011E0078EB1A /* Build configuration list for PBXNativeTarget "Park and Ride (macOS)" */ = {
			isa = XCConfigurationList;
			buildConfigurations = (
				C0DE2AB828B0011E0078EB1A /* Debug */,
				C0DE2AB928B0011E0078EB1A /* Release */,
			);
			defaultConfigurationIsVisible = 0;
			defaultConfigurationName = Release;
		};
		C0DE2ABA28B0011E0078EB1A /* Build configuration list for PBXNativeTarget "Tests iOS" */ = {
			isa = XCConfigurationList;
			buildConfigurations = (
				C0DE2ABB28B0011E0078EB1A /* Debug */,
				C0DE2ABC28B0011E0078EB1A /* Release */,
			);
			defaultConfigurationIsVisible = 0;
			defaultConfigurationName = Release;
		};
		C0DE2ABD28B0011E0078EB1A /* Build configuration list for PBXNativeTarget "Tests macOS" */ = {
			isa = XCConfigurationList;
			buildConfigurations = (
				C0DE2ABE28B0011E0078EB1A /* Debug */,
				C0DE2ABF28B0011E0078EB1A /* Release */,
			);
			defaultConfigurationIsVisible = 0;
			defaultConfigurationName = Release;
		};
/* End XCConfigurationList section */
	};
	rootObject = C0DE2A7F28B0011D0078EB1A /* Project object */;
}
